// !$*UTF8*$!
{
	archiveVersion = 1;
	classes = {
	};
	objectVersion = 50;
	objects = {

/* Begin PBXBuildFile section */
		9B2F568E23C805F300D221E3 /* AppDelegate.swift in Sources */ = {isa = PBXBuildFile; fileRef = 9B2F568D23C805F300D221E3 /* AppDelegate.swift */; };
		9B2F569023C805F300D221E3 /* SceneDelegate.swift in Sources */ = {isa = PBXBuildFile; fileRef = 9B2F568F23C805F300D221E3 /* SceneDelegate.swift */; };
		9B2F569223C805F300D221E3 /* ViewController.swift in Sources */ = {isa = PBXBuildFile; fileRef = 9B2F569123C805F300D221E3 /* ViewController.swift */; };
		9B2F569523C805F300D221E3 /* Main.storyboard in Resources */ = {isa = PBXBuildFile; fileRef = 9B2F569323C805F300D221E3 /* Main.storyboard */; };
		9B2F569723C805F400D221E3 /* Assets.xcassets in Resources */ = {isa = PBXBuildFile; fileRef = 9B2F569623C805F400D221E3 /* Assets.xcassets */; };
		9B2F569A23C805F400D221E3 /* LaunchScreen.storyboard in Resources */ = {isa = PBXBuildFile; fileRef = 9B2F569823C805F400D221E3 /* LaunchScreen.storyboard */; };
		9B2F56A523C805F400D221E3 /* ClassExercise1Tests.swift in Sources */ = {isa = PBXBuildFile; fileRef = 9B2F56A423C805F400D221E3 /* ClassExercise1Tests.swift */; };
		9B2F56B023C805F400D221E3 /* ClassExercise1UITests.swift in Sources */ = {isa = PBXBuildFile; fileRef = 9B2F56AF23C805F400D221E3 /* ClassExercise1UITests.swift */; };
/* End PBXBuildFile section */

/* Begin PBXContainerItemProxy section */
		9B2F56A123C805F400D221E3 /* PBXContainerItemProxy */ = {
			isa = PBXContainerItemProxy;
			containerPortal = 9B2F568223C805F300D221E3 /* Project object */;
			proxyType = 1;
			remoteGlobalIDString = 9B2F568923C805F300D221E3;
			remoteInfo = ClassExercise1;
		};
		9B2F56AC23C805F400D221E3 /* PBXContainerItemProxy */ = {
			isa = PBXContainerItemProxy;
			containerPortal = 9B2F568223C805F300D221E3 /* Project object */;
			proxyType = 1;
			remoteGlobalIDString = 9B2F568923C805F300D221E3;
			remoteInfo = ClassExercise1;
		};
/* End PBXContainerItemProxy section */

/* Begin PBXFileReference section */
		9B2F568A23C805F300D221E3 /* ClassExercise1.app */ = {isa = PBXFileReference; explicitFileType = wrapper.application; includeInIndex = 0; path = ClassExercise1.app; sourceTree = BUILT_PRODUCTS_DIR; };
		9B2F568D23C805F300D221E3 /* AppDelegate.swift */ = {isa = PBXFileReference; lastKnownFileType = sourcecode.swift; path = AppDelegate.swift; sourceTree = "<group>"; };
		9B2F568F23C805F300D221E3 /* SceneDelegate.swift */ = {isa = PBXFileReference; lastKnownFileType = sourcecode.swift; path = SceneDelegate.swift; sourceTree = "<group>"; };
		9B2F569123C805F300D221E3 /* ViewController.swift */ = {isa = PBXFileReference; lastKnownFileType = sourcecode.swift; path = ViewController.swift; sourceTree = "<group>"; };
		9B2F569423C805F300D221E3 /* Base */ = {isa = PBXFileReference; lastKnownFileType = file.storyboard; name = Base; path = Base.lproj/Main.storyboard; sourceTree = "<group>"; };
		9B2F569623C805F400D221E3 /* Assets.xcassets */ = {isa = PBXFileReference; lastKnownFileType = folder.assetcatalog; path = Assets.xcassets; sourceTree = "<group>"; };
		9B2F569923C805F400D221E3 /* Base */ = {isa = PBXFileReference; lastKnownFileType = file.storyboard; name = Base; path = Base.lproj/LaunchScreen.storyboard; sourceTree = "<group>"; };
		9B2F569B23C805F400D221E3 /* Info.plist */ = {isa = PBXFileReference; lastKnownFileType = text.plist.xml; path = Info.plist; sourceTree = "<group>"; };
		9B2F56A023C805F400D221E3 /* ClassExercise1Tests.xctest */ = {isa = PBXFileReference; explicitFileType = wrapper.cfbundle; includeInIndex = 0; path = ClassExercise1Tests.xctest; sourceTree = BUILT_PRODUCTS_DIR; };
		9B2F56A423C805F400D221E3 /* ClassExercise1Tests.swift */ = {isa = PBXFileReference; lastKnownFileType = sourcecode.swift; path = ClassExercise1Tests.swift; sourceTree = "<group>"; };
		9B2F56A623C805F400D221E3 /* Info.plist */ = {isa = PBXFileReference; lastKnownFileType = text.plist.xml; path = Info.plist; sourceTree = "<group>"; };
		9B2F56AB23C805F400D221E3 /* ClassExercise1UITests.xctest */ = {isa = PBXFileReference; explicitFileType = wrapper.cfbundle; includeInIndex = 0; path = ClassExercise1UITests.xctest; sourceTree = BUILT_PRODUCTS_DIR; };
		9B2F56AF23C805F400D221E3 /* ClassExercise1UITests.swift */ = {isa = PBXFileReference; lastKnownFileType = sourcecode.swift; path = ClassExercise1UITests.swift; sourceTree = "<group>"; };
		9B2F56B123C805F400D221E3 /* Info.plist */ = {isa = PBXFileReference; lastKnownFileType = text.plist.xml; path = Info.plist; sourceTree = "<group>"; };
/* End PBXFileReference section */

/* Begin PBXFrameworksBuildPhase section */
		9B2F568723C805F300D221E3 /* Frameworks */ = {
			isa = PBXFrameworksBuildPhase;
			buildActionMask = 2147483647;
			files = (
			);
			runOnlyForDeploymentPostprocessing = 0;
		};
		9B2F569D23C805F400D221E3 /* Frameworks */ = {
			isa = PBXFrameworksBuildPhase;
			buildActionMask = 2147483647;
			files = (
			);
			runOnlyForDeploymentPostprocessing = 0;
		};
		9B2F56A823C805F400D221E3 /* Frameworks */ = {
			isa = PBXFrameworksBuildPhase;
			buildActionMask = 2147483647;
			files = (
			);
			runOnlyForDeploymentPostprocessing = 0;
		};
/* End PBXFrameworksBuildPhase section */

/* Begin PBXGroup section */
		9B2F568123C805F300D221E3 = {
			isa = PBXGroup;
			children = (
				9B2F568C23C805F300D221E3 /* ClassExercise1 */,
				9B2F56A323C805F400D221E3 /* ClassExercise1Tests */,
				9B2F56AE23C805F400D221E3 /* ClassExercise1UITests */,
				9B2F568B23C805F300D221E3 /* Products */,
			);
			sourceTree = "<group>";
		};
		9B2F568B23C805F300D221E3 /* Products */ = {
			isa = PBXGroup;
			children = (
				9B2F568A23C805F300D221E3 /* ClassExercise1.app */,
				9B2F56A023C805F400D221E3 /* ClassExercise1Tests.xctest */,
				9B2F56AB23C805F400D221E3 /* ClassExercise1UITests.xctest */,
			);
			name = Products;
			sourceTree = "<group>";
		};
		9B2F568C23C805F300D221E3 /* ClassExercise1 */ = {
			isa = PBXGroup;
			children = (
				9B2F568D23C805F300D221E3 /* AppDelegate.swift */,
				9B2F568F23C805F300D221E3 /* SceneDelegate.swift */,
				9B2F569123C805F300D221E3 /* ViewController.swift */,
				9B2F569323C805F300D221E3 /* Main.storyboard */,
				9B2F569623C805F400D221E3 /* Assets.xcassets */,
				9B2F569823C805F400D221E3 /* LaunchScreen.storyboard */,
				9B2F569B23C805F400D221E3 /* Info.plist */,
			);
			path = ClassExercise1;
			sourceTree = "<group>";
		};
		9B2F56A323C805F400D221E3 /* ClassExercise1Tests */ = {
			isa = PBXGroup;
			children = (
				9B2F56A423C805F400D221E3 /* ClassExercise1Tests.swift */,
				9B2F56A623C805F400D221E3 /* Info.plist */,
			);
			path = ClassExercise1Tests;
			sourceTree = "<group>";
		};
		9B2F56AE23C805F400D221E3 /* ClassExercise1UITests */ = {
			isa = PBXGroup;
			children = (
				9B2F56AF23C805F400D221E3 /* ClassExercise1UITests.swift */,
				9B2F56B123C805F400D221E3 /* Info.plist */,
			);
			path = ClassExercise1UITests;
			sourceTree = "<group>";
		};
/* End PBXGroup section */

/* Begin PBXNativeTarget section */
		9B2F568923C805F300D221E3 /* ClassExercise1 */ = {
			isa = PBXNativeTarget;
			buildConfigurationList = 9B2F56B423C805F400D221E3 /* Build configuration list for PBXNativeTarget "ClassExercise1" */;
			buildPhases = (
				9B2F568623C805F300D221E3 /* Sources */,
				9B2F568723C805F300D221E3 /* Frameworks */,
				9B2F568823C805F300D221E3 /* Resources */,
			);
			buildRules = (
			);
			dependencies = (
			);
			name = ClassExercise1;
			productName = ClassExercise1;
			productReference = 9B2F568A23C805F300D221E3 /* ClassExercise1.app */;
			productType = "com.apple.product-type.application";
		};
		9B2F569F23C805F400D221E3 /* ClassExercise1Tests */ = {
			isa = PBXNativeTarget;
			buildConfigurationList = 9B2F56B723C805F400D221E3 /* Build configuration list for PBXNativeTarget "ClassExercise1Tests" */;
			buildPhases = (
				9B2F569C23C805F400D221E3 /* Sources */,
				9B2F569D23C805F400D221E3 /* Frameworks */,
				9B2F569E23C805F400D221E3 /* Resources */,
			);
			buildRules = (
			);
			dependencies = (
				9B2F56A223C805F400D221E3 /* PBXTargetDependency */,
			);
			name = ClassExercise1Tests;
			productName = ClassExercise1Tests;
			productReference = 9B2F56A023C805F400D221E3 /* ClassExercise1Tests.xctest */;
			productType = "com.apple.product-type.bundle.unit-test";
		};
		9B2F56AA23C805F400D221E3 /* ClassExercise1UITests */ = {
			isa = PBXNativeTarget;
			buildConfigurationList = 9B2F56BA23C805F400D221E3 /* Build configuration list for PBXNativeTarget "ClassExercise1UITests" */;
			buildPhases = (
				9B2F56A723C805F400D221E3 /* Sources */,
				9B2F56A823C805F400D221E3 /* Frameworks */,
				9B2F56A923C805F400D221E3 /* Resources */,
			);
			buildRules = (
			);
			dependencies = (
				9B2F56AD23C805F400D221E3 /* PBXTargetDependency */,
			);
			name = ClassExercise1UITests;
			productName = ClassExercise1UITests;
			productReference = 9B2F56AB23C805F400D221E3 /* ClassExercise1UITests.xctest */;
			productType = "com.apple.product-type.bundle.ui-testing";
		};
/* End PBXNativeTarget section */

/* Begin PBXProject section */
		9B2F568223C805F300D221E3 /* Project object */ = {
			isa = PBXProject;
			attributes = {
				LastSwiftUpdateCheck = 1130;
				LastUpgradeCheck = 1130;
				ORGANIZATIONNAME = MacStudent;
				TargetAttributes = {
					9B2F568923C805F300D221E3 = {
						CreatedOnToolsVersion = 11.3;
					};
					9B2F569F23C805F400D221E3 = {
						CreatedOnToolsVersion = 11.3;
						TestTargetID = 9B2F568923C805F300D221E3;
					};
					9B2F56AA23C805F400D221E3 = {
						CreatedOnToolsVersion = 11.3;
						TestTargetID = 9B2F568923C805F300D221E3;
					};
				};
			};
			buildConfigurationList = 9B2F568523C805F300D221E3 /* Build configuration list for PBXProject "ClassExercise1" */;
			compatibilityVersion = "Xcode 9.3";
			developmentRegion = en;
			hasScannedForEncodings = 0;
			knownRegions = (
				en,
				Base,
			);
			mainGroup = 9B2F568123C805F300D221E3;
			productRefGroup = 9B2F568B23C805F300D221E3 /* Products */;
			projectDirPath = "";
			projectRoot = "";
			targets = (
				9B2F568923C805F300D221E3 /* ClassExercise1 */,
				9B2F569F23C805F400D221E3 /* ClassExercise1Tests */,
				9B2F56AA23C805F400D221E3 /* ClassExercise1UITests */,
			);
		};
/* End PBXProject section */

/* Begin PBXResourcesBuildPhase section */
		9B2F568823C805F300D221E3 /* Resources */ = {
			isa = PBXResourcesBuildPhase;
			buildActionMask = 2147483647;
			files = (
				9B2F569A23C805F400D221E3 /* LaunchScreen.storyboard in Resources */,
				9B2F569723C805F400D221E3 /* Assets.xcassets in Resources */,
				9B2F569523C805F300D221E3 /* Main.storyboard in Resources */,
			);
			runOnlyForDeploymentPostprocessing = 0;
		};
		9B2F569E23C805F400D221E3 /* Resources */ = {
			isa = PBXResourcesBuildPhase;
			buildActionMask = 2147483647;
			files = (
			);
			runOnlyForDeploymentPostprocessing = 0;
		};
		9B2F56A923C805F400D221E3 /* Resources */ = {
			isa = PBXResourcesBuildPhase;
			buildActionMask = 2147483647;
			files = (
			);
			runOnlyForDeploymentPostprocessing = 0;
		};
/* End PBXResourcesBuildPhase section */

/* Begin PBXSourcesBuildPhase section */
		9B2F568623C805F300D221E3 /* Sources */ = {
			isa = PBXSourcesBuildPhase;
			buildActionMask = 2147483647;
			files = (
				9B2F569223C805F300D221E3 /* ViewController.swift in Sources */,
				9B2F568E23C805F300D221E3 /* AppDelegate.swift in Sources */,
				9B2F569023C805F300D221E3 /* SceneDelegate.swift in Sources */,
			);
			runOnlyForDeploymentPostprocessing = 0;
		};
		9B2F569C23C805F400D221E3 /* Sources */ = {
			isa = PBXSourcesBuildPhase;
			buildActionMask = 2147483647;
			files = (
				9B2F56A523C805F400D221E3 /* ClassExercise1Tests.swift in Sources */,
			);
			runOnlyForDeploymentPostprocessing = 0;
		};
		9B2F56A723C805F400D221E3 /* Sources */ = {
			isa = PBXSourcesBuildPhase;
			buildActionMask = 2147483647;
			files = (
				9B2F56B023C805F400D221E3 /* ClassExercise1UITests.swift in Sources */,
			);
			runOnlyForDeploymentPostprocessing = 0;
		};
/* End PBXSourcesBuildPhase section */

/* Begin PBXTargetDependency section */
		9B2F56A223C805F400D221E3 /* PBXTargetDependency */ = {
			isa = PBXTargetDependency;
			target = 9B2F568923C805F300D221E3 /* ClassExercise1 */;
			targetProxy = 9B2F56A123C805F400D221E3 /* PBXContainerItemProxy */;
		};
		9B2F56AD23C805F400D221E3 /* PBXTargetDependency */ = {
			isa = PBXTargetDependency;
			target = 9B2F568923C805F300D221E3 /* ClassExercise1 */;
			targetProxy = 9B2F56AC23C805F400D221E3 /* PBXContainerItemProxy */;
		};
/* End PBXTargetDependency section */

/* Begin PBXVariantGroup section */
		9B2F569323C805F300D221E3 /* Main.storyboard */ = {
			isa = PBXVariantGroup;
			children = (
				9B2F569423C805F300D221E3 /* Base */,
			);
			name = Main.storyboard;
			sourceTree = "<group>";
		};
		9B2F569823C805F400D221E3 /* LaunchScreen.storyboard */ = {
			isa = PBXVariantGroup;
			children = (
				9B2F569923C805F400D221E3 /* Base */,
			);
			name = LaunchScreen.storyboard;
			sourceTree = "<group>";
		};
/* End PBXVariantGroup section */

/* Begin XCBuildConfiguration section */
		9B2F56B223C805F400D221E3 /* Debug */ = {
			isa = XCBuildConfiguration;
			buildSettings = {
				ALWAYS_SEARCH_USER_PATHS = NO;
				CLANG_ANALYZER_NONNULL = YES;
				CLANG_ANALYZER_NUMBER_OBJECT_CONVERSION = YES_AGGRESSIVE;
				CLANG_CXX_LANGUAGE_STANDARD = "gnu++14";
				CLANG_CXX_LIBRARY = "libc++";
				CLANG_ENABLE_MODULES = YES;
				CLANG_ENABLE_OBJC_ARC = YES;
				CLANG_ENABLE_OBJC_WEAK = YES;
				CLANG_WARN_BLOCK_CAPTURE_AUTORELEASING = YES;
				CLANG_WARN_BOOL_CONVERSION = YES;
				CLANG_WARN_COMMA = YES;
				CLANG_WARN_CONSTANT_CONVERSION = YES;
				CLANG_WARN_DEPRECATED_OBJC_IMPLEMENTATIONS = YES;
				CLANG_WARN_DIRECT_OBJC_ISA_USAGE = YES_ERROR;
				CLANG_WARN_DOCUMENTATION_COMMENTS = YES;
				CLANG_WARN_EMPTY_BODY = YES;
				CLANG_WARN_ENUM_CONVERSION = YES;
				CLANG_WARN_INFINITE_RECURSION = YES;
				CLANG_WARN_INT_CONVERSION = YES;
				CLANG_WARN_NON_LITERAL_NULL_CONVERSION = YES;
				CLANG_WARN_OBJC_IMPLICIT_RETAIN_SELF = YES;
				CLANG_WARN_OBJC_LITERAL_CONVERSION = YES;
				CLANG_WARN_OBJC_ROOT_CLASS = YES_ERROR;
				CLANG_WARN_RANGE_LOOP_ANALYSIS = YES;
				CLANG_WARN_STRICT_PROTOTYPES = YES;
				CLANG_WARN_SUSPICIOUS_MOVE = YES;
				CLANG_WARN_UNGUARDED_AVAILABILITY = YES_AGGRESSIVE;
				CLANG_WARN_UNREACHABLE_CODE = YES;
				CLANG_WARN__DUPLICATE_METHOD_MATCH = YES;
				COPY_PHASE_STRIP = NO;
				DEBUG_INFORMATION_FORMAT = dwarf;
				ENABLE_STRICT_OBJC_MSGSEND = YES;
				ENABLE_TESTABILITY = YES;
				GCC_C_LANGUAGE_STANDARD = gnu11;
				GCC_DYNAMIC_NO_PIC = NO;
				GCC_NO_COMMON_BLOCKS = YES;
				GCC_OPTIMIZATION_LEVEL = 0;
				GCC_PREPROCESSOR_DEFINITIONS = (
					"DEBUG=1",
					"$(inherited)",
				);
				GCC_WARN_64_TO_32_BIT_CONVERSION = YES;
				GCC_WARN_ABOUT_RETURN_TYPE = YES_ERROR;
				GCC_WARN_UNDECLARED_SELECTOR = YES;
				GCC_WARN_UNINITIALIZED_AUTOS = YES_AGGRESSIVE;
				GCC_WARN_UNUSED_FUNCTION = YES;
				GCC_WARN_UNUSED_VARIABLE = YES;
				IPHONEOS_DEPLOYMENT_TARGET = 13.2;
				MTL_ENABLE_DEBUG_INFO = INCLUDE_SOURCE;
				MTL_FAST_MATH = YES;
				ONLY_ACTIVE_ARCH = YES;
				SDKROOT = iphoneos;
				SWIFT_ACTIVE_COMPILATION_CONDITIONS = DEBUG;
				SWIFT_OPTIMIZATION_LEVEL = "-Onone";
			};
			name = Debug;
		};
		9B2F56B323C805F400D221E3 /* Release */ = {
			isa = XCBuildConfiguration;
			buildSettings = {
				ALWAYS_SEARCH_USER_PATHS = NO;
				CLANG_ANALYZER_NONNULL = YES;
				CLANG_ANALYZER_NUMBER_OBJECT_CONVERSION = YES_AGGRESSIVE;
				CLANG_CXX_LANGUAGE_STANDARD = "gnu++14";
				CLANG_CXX_LIBRARY = "libc++";
				CLANG_ENABLE_MODULES = YES;
				CLANG_ENABLE_OBJC_ARC = YES;
				CLANG_ENABLE_OBJC_WEAK = YES;
				CLANG_WARN_BLOCK_CAPTURE_AUTORELEASING = YES;
				CLANG_WARN_BOOL_CONVERSION = YES;
				CLANG_WARN_COMMA = YES;
				CLANG_WARN_CONSTANT_CONVERSION = YES;
				CLANG_WARN_DEPRECATED_OBJC_IMPLEMENTATIONS = YES;
				CLANG_WARN_DIRECT_OBJC_ISA_USAGE = YES_ERROR;
				CLANG_WARN_DOCUMENTATION_COMMENTS = YES;
				CLANG_WARN_EMPTY_BODY = YES;
				CLANG_WARN_ENUM_CONVERSION = YES;
				CLANG_WARN_INFINITE_RECURSION = YES;
				CLANG_WARN_INT_CONVERSION = YES;
				CLANG_WARN_NON_LITERAL_NULL_CONVERSION = YES;
				CLANG_WARN_OBJC_IMPLICIT_RETAIN_SELF = YES;
				CLANG_WARN_OBJC_LITERAL_CONVERSION = YES;
				CLANG_WARN_OBJC_ROOT_CLASS = YES_ERROR;
				CLANG_WARN_RANGE_LOOP_ANALYSIS = YES;
				CLANG_WARN_STRICT_PROTOTYPES = YES;
				CLANG_WARN_SUSPICIOUS_MOVE = YES;
				CLANG_WARN_UNGUARDED_AVAILABILITY = YES_AGGRESSIVE;
				CLANG_WARN_UNREACHABLE_CODE = YES;
				CLANG_WARN__DUPLICATE_METHOD_MATCH = YES;
				COPY_PHASE_STRIP = NO;
				DEBUG_INFORMATION_FORMAT = "dwarf-with-dsym";
				ENABLE_NS_ASSERTIONS = NO;
				ENABLE_STRICT_OBJC_MSGSEND = YES;
				GCC_C_LANGUAGE_STANDARD = gnu11;
				GCC_NO_COMMON_BLOCKS = YES;
				GCC_WARN_64_TO_32_BIT_CONVERSION = YES;
				GCC_WARN_ABOUT_RETURN_TYPE = YES_ERROR;
				GCC_WARN_UNDECLARED_SELECTOR = YES;
				GCC_WARN_UNINITIALIZED_AUTOS = YES_AGGRESSIVE;
				GCC_WARN_UNUSED_FUNCTION = YES;
				GCC_WARN_UNUSED_VARIABLE = YES;
				IPHONEOS_DEPLOYMENT_TARGET = 13.2;
				MTL_ENABLE_DEBUG_INFO = NO;
				MTL_FAST_MATH = YES;
				SDKROOT = iphoneos;
				SWIFT_COMPILATION_MODE = wholemodule;
				SWIFT_OPTIMIZATION_LEVEL = "-O";
				VALIDATE_PRODUCT = YES;
			};
			name = Release;
		};
		9B2F56B523C805F400D221E3 /* Debug */ = {
			isa = XCBuildConfiguration;
			buildSettings = {
				ASSETCATALOG_COMPILER_APPICON_NAME = AppIcon;
				CODE_SIGN_STYLE = Automatic;
				INFOPLIST_FILE = ClassExercise1/Info.plist;
				LD_RUNPATH_SEARCH_PATHS = (
					"$(inherited)",
					"@executable_path/Frameworks",
				);
				PRODUCT_BUNDLE_IDENTIFIER = CestarCollege.ClassExercise1;
				PRODUCT_NAME = "$(TARGET_NAME)";
				SWIFT_VERSION = 5.0;
				TARGETED_DEVICE_FAMILY = "1,2";
			};
			name = Debug;
		};
		9B2F56B623C805F400D221E3 /* Release */ = {
			isa = XCBuildConfiguration;
			buildSettings = {
				ASSETCATALOG_COMPILER_APPICON_NAME = AppIcon;
				CODE_SIGN_STYLE = Automatic;
				INFOPLIST_FILE = ClassExercise1/Info.plist;
				LD_RUNPATH_SEARCH_PATHS = (
					"$(inherited)",
					"@executable_path/Frameworks",
				);
				PRODUCT_BUNDLE_IDENTIFIER = CestarCollege.ClassExercise1;
				PRODUCT_NAME = "$(TARGET_NAME)";
				SWIFT_VERSION = 5.0;
				TARGETED_DEVICE_FAMILY = "1,2";
			};
			name = Release;
		};
		9B2F56B823C805F400D221E3 /* Debug */ = {
			isa = XCBuildConfiguration;
			buildSettings = {
				ALWAYS_EMBED_SWIFT_STANDARD_LIBRARIES = YES;
				BUNDLE_LOADER = "$(TEST_HOST)";
				CODE_SIGN_STYLE = Automatic;
				INFOPLIST_FILE = ClassExercise1Tests/Info.plist;
				IPHONEOS_DEPLOYMENT_TARGET = 13.2;
				LD_RUNPATH_SEARCH_PATHS = (
					"$(inherited)",
					"@executable_path/Frameworks",
					"@loader_path/Frameworks",
				);
				PRODUCT_BUNDLE_IDENTIFIER = CestarCollege.ClassExercise1Tests;
				PRODUCT_NAME = "$(TARGET_NAME)";
				SWIFT_VERSION = 5.0;
				TARGETED_DEVICE_FAMILY = "1,2";
				TEST_HOST = "$(BUILT_PRODUCTS_DIR)/ClassExercise1.app/ClassExercise1";
			};
			name = Debug;
		};
		9B2F56B923C805F400D221E3 /* Release */ = {
			isa = XCBuildConfiguration;
			buildSettings = {
				ALWAYS_EMBED_SWIFT_STANDARD_LIBRARIES = YES;
				BUNDLE_LOADER = "$(TEST_HOST)";
				CODE_SIGN_STYLE = Automatic;
				INFOPLIST_FILE = ClassExercise1Tests/Info.plist;
				IPHONEOS_DEPLOYMENT_TARGET = 13.2;
				LD_RUNPATH_SEARCH_PATHS = (
					"$(inherited)",
					"@executable_path/Frameworks",
					"@loader_path/Frameworks",
				);
				PRODUCT_BUNDLE_IDENTIFIER = CestarCollege.ClassExercise1Tests;
				PRODUCT_NAME = "$(TARGET_NAME)";
				SWIFT_VERSION = 5.0;
				TARGETED_DEVICE_FAMILY = "1,2";
				TEST_HOST = "$(BUILT_PRODUCTS_DIR)/ClassExercise1.app/ClassExercise1";
			};
			name = Release;
		};
		9B2F56BB23C805F400D221E3 /* Debug */ = {
			isa = XCBuildConfiguration;
			buildSettings = {
				ALWAYS_EMBED_SWIFT_STANDARD_LIBRARIES = YES;
				CODE_SIGN_STYLE = Automatic;
				INFOPLIST_FILE = ClassExercise1UITests/Info.plist;
				LD_RUNPATH_SEARCH_PATHS = (
					"$(inherited)",
					"@executable_path/Frameworks",
					"@loader_path/Frameworks",
				);
				PRODUCT_BUNDLE_IDENTIFIER = CestarCollege.ClassExercise1UITests;
				PRODUCT_NAME = "$(TARGET_NAME)";
				SWIFT_VERSION = 5.0;
				TARGETED_DEVICE_FAMILY = "1,2";
				TEST_TARGET_NAME = ClassExercise1;
			};
			name = Debug;
		};
		9B2F56BC23C805F400D221E3 /* Release */ = {
			isa = XCBuildConfiguration;
			buildSettings = {
				ALWAYS_EMBED_SWIFT_STANDARD_LIBRARIES = YES;
				CODE_SIGN_STYLE = Automatic;
				INFOPLIST_FILE = ClassExercise1UITests/Info.plist;
				LD_RUNPATH_SEARCH_PATHS = (
					"$(inherited)",
					"@executable_path/Frameworks",
					"@loader_path/Frameworks",
				);
				PRODUCT_BUNDLE_IDENTIFIER = CestarCollege.ClassExercise1UITests;
				PRODUCT_NAME = "$(TARGET_NAME)";
				SWIFT_VERSION = 5.0;
				TARGETED_DEVICE_FAMILY = "1,2";
				TEST_TARGET_NAME = ClassExercise1;
			};
			name = Release;
		};
/* End XCBuildConfiguration section */

/* Begin XCConfigurationList section */
		9B2F568523C805F300D221E3 /* Build configuration list for PBXProject "ClassExercise1" */ = {
			isa = XCConfigurationList;
			buildConfigurations = (
				9B2F56B223C805F400D221E3 /* Debug */,
				9B2F56B323C805F400D221E3 /* Release */,
			);
			defaultConfigurationIsVisible = 0;
			defaultConfigurationName = Release;
		};
		9B2F56B423C805F400D221E3 /* Build configuration list for PBXNativeTarget "ClassExercise1" */ = {
			isa = XCConfigurationList;
			buildConfigurations = (
				9B2F56B523C805F400D221E3 /* Debug */,
				9B2F56B623C805F400D221E3 /* Release */,
			);
			defaultConfigurationIsVisible = 0;
			defaultConfigurationName = Release;
		};
		9B2F56B723C805F400D221E3 /* Build configuration list for PBXNativeTarget "ClassExercise1Tests" */ = {
			isa = XCConfigurationList;
			buildConfigurations = (
				9B2F56B823C805F400D221E3 /* Debug */,
				9B2F56B923C805F400D221E3 /* Release */,
			);
			defaultConfigurationIsVisible = 0;
			defaultConfigurationName = Release;
		};
		9B2F56BA23C805F400D221E3 /* Build configuration list for PBXNativeTarget "ClassExercise1UITests" */ = {
			isa = XCConfigurationList;
			buildConfigurations = (
				9B2F56BB23C805F400D221E3 /* Debug */,
				9B2F56BC23C805F400D221E3 /* Release */,
			);
			defaultConfigurationIsVisible = 0;
			defaultConfigurationName = Release;
		};
/* End XCConfigurationList section */
	};
	rootObject = 9B2F568223C805F300D221E3 /* Project object */;
}
